// !$*UTF8*$!
{
	archiveVersion = 1;
	classes = {
	};
	objectVersion = 56;
	objects = {

/* Begin PBXBuildFile section */
		B22239432ACD3C17004EF7DD /* main.cpp in Sources */ = {isa = PBXBuildFile; fileRef = B22239422ACD3C17004EF7DD /* main.cpp */; };
		B222394B2ACD3C3B004EF7DD /* Food.cpp in Sources */ = {isa = PBXBuildFile; fileRef = B22239492ACD3C3B004EF7DD /* Food.cpp */; };
		B2A584CA2D93C182003549DD /* Macros.cpp in Sources */ = {isa = PBXBuildFile; fileRef = B2A584C92D93C180003549DD /* Macros.cpp */; };
/* End PBXBuildFile section */

/* Begin PBXCopyFilesBuildPhase section */
		B222393D2ACD3C17004EF7DD /* CopyFiles */ = {
			isa = PBXCopyFilesBuildPhase;
			buildActionMask = 2147483647;
			dstPath = /usr/share/man/man1/;
			dstSubfolderSpec = 0;
			files = (
			);
			runOnlyForDeploymentPostprocessing = 1;
		};
/* End PBXCopyFilesBuildPhase section */

/* Begin PBXFileReference section */
		B222393F2ACD3C17004EF7DD /* Meal Tracker */ = {isa = PBXFileReference; explicitFileType = "compiled.mach-o.executable"; includeInIndex = 0; path = "Meal Tracker"; sourceTree = BUILT_PRODUCTS_DIR; };
		B22239422ACD3C17004EF7DD /* main.cpp */ = {isa = PBXFileReference; lastKnownFileType = sourcecode.cpp.cpp; path = main.cpp; sourceTree = "<group>"; };
		B22239492ACD3C3B004EF7DD /* Food.cpp */ = {isa = PBXFileReference; lastKnownFileType = sourcecode.cpp.cpp; path = Food.cpp; sourceTree = "<group>"; };
		B222394A2ACD3C3B004EF7DD /* Food.hpp */ = {isa = PBXFileReference; lastKnownFileType = sourcecode.cpp.h; path = Food.hpp; sourceTree = "<group>"; };
		B222394E2ACD416B004EF7DD /* RunApp.hpp */ = {isa = PBXFileReference; lastKnownFileType = sourcecode.cpp.h; path = RunApp.hpp; sourceTree = "<group>"; };
		B24A763B2D1285D1003F339D /* FoodData.csv */ = {isa = PBXFileReference; lastKnownFileType = text; path = FoodData.csv; sourceTree = "<group>"; };
		B24B66992B7A00EF00673F17 /* DayTotals.txt */ = {isa = PBXFileReference; lastKnownFileType = text; path = DayTotals.txt; sourceTree = "<group>"; };
		B2A584C82D93BF97003549DD /* Macros.hpp */ = {isa = PBXFileReference; lastKnownFileType = sourcecode.cpp.h; path = Macros.hpp; sourceTree = "<group>"; };
		B2A584C92D93C180003549DD /* Macros.cpp */ = {isa = PBXFileReference; lastKnownFileType = sourcecode.cpp.cpp; path = Macros.cpp; sourceTree = "<group>"; };
		B2A584CE2D93D02B003549DD /* DayFoods.txt */ = {isa = PBXFileReference; lastKnownFileType = text; path = DayFoods.txt; sourceTree = "<group>"; };
		B2DF760C2B3A43160069D56C /* FoodLog.txt */ = {isa = PBXFileReference; lastKnownFileType = text; path = FoodLog.txt; sourceTree = "<group>"; };
		B2F3E3302DA64C5B002F5669 /* MacrosLog.txt */ = {isa = PBXFileReference; lastKnownFileType = text; path = MacrosLog.txt; sourceTree = "<group>"; };
		B2F3E3822DAA39FD002F5669 /* MacroGoals.txt */ = {isa = PBXFileReference; lastKnownFileType = text; path = MacroGoals.txt; sourceTree = "<group>"; };
/* End PBXFileReference section */

/* Begin PBXFrameworksBuildPhase section */
		B222393C2ACD3C17004EF7DD /* Frameworks */ = {
			isa = PBXFrameworksBuildPhase;
			buildActionMask = 2147483647;
			files = (
			);
			runOnlyForDeploymentPostprocessing = 0;
		};
/* End PBXFrameworksBuildPhase section */

/* Begin PBXGroup section */
		B22239362ACD3C17004EF7DD = {
			isa = PBXGroup;
			children = (
				B22239412ACD3C17004EF7DD /* Meal Tracker */,
				B22239402ACD3C17004EF7DD /* Products */,
			);
			sourceTree = "<group>";
		};
		B22239402ACD3C17004EF7DD /* Products */ = {
			isa = PBXGroup;
			children = (
				B222393F2ACD3C17004EF7DD /* Meal Tracker */,
			);
			name = Products;
			sourceTree = "<group>";
		};
		B22239412ACD3C17004EF7DD /* Meal Tracker */ = {
			isa = PBXGroup;
			children = (
				B2F3E3822DAA39FD002F5669 /* MacroGoals.txt */,
				B2F3E3302DA64C5B002F5669 /* MacrosLog.txt */,
				B2A584CE2D93D02B003549DD /* DayFoods.txt */,
				B24A763B2D1285D1003F339D /* FoodData.csv */,
				B2DF760C2B3A43160069D56C /* FoodLog.txt */,
				B22239422ACD3C17004EF7DD /* main.cpp */,
				B2A584C82D93BF97003549DD /* Macros.hpp */,
				B2A584C92D93C180003549DD /* Macros.cpp */,
				B222394A2ACD3C3B004EF7DD /* Food.hpp */,
				B22239492ACD3C3B004EF7DD /* Food.cpp */,
				B222394E2ACD416B004EF7DD /* RunApp.hpp */,
				B24B66992B7A00EF00673F17 /* DayTotals.txt */,
			);
			path = "Meal Tracker";
			sourceTree = "<group>";
		};
/* End PBXGroup section */

/* Begin PBXNativeTarget section */
		B222393E2ACD3C17004EF7DD /* Meal Tracker */ = {
			isa = PBXNativeTarget;
			buildConfigurationList = B22239462ACD3C17004EF7DD /* Build configuration list for PBXNativeTarget "Meal Tracker" */;
			buildPhases = (
				B222393B2ACD3C17004EF7DD /* Sources */,
				B222393C2ACD3C17004EF7DD /* Frameworks */,
				B222393D2ACD3C17004EF7DD /* CopyFiles */,
			);
			buildRules = (
			);
			dependencies = (
			);
			name = "Meal Tracker";
			productName = "Meal Tracker";
			productReference = B222393F2ACD3C17004EF7DD /* Meal Tracker */;
			productType = "com.apple.product-type.tool";
		};
/* End PBXNativeTarget section */

/* Begin PBXProject section */
		B22239372ACD3C17004EF7DD /* Project object */ = {
			isa = PBXProject;
			attributes = {
				BuildIndependentTargetsInParallel = 1;
				LastUpgradeCheck = 1430;
				TargetAttributes = {
					B222393E2ACD3C17004EF7DD = {
						CreatedOnToolsVersion = 14.3.1;
					};
				};
			};
			buildConfigurationList = B222393A2ACD3C17004EF7DD /* Build configuration list for PBXProject "MealTracker" */;
			compatibilityVersion = "Xcode 14.0";
			developmentRegion = en;
			hasScannedForEncodings = 0;
			knownRegions = (
				en,
				Base,
			);
			mainGroup = B22239362ACD3C17004EF7DD;
			productRefGroup = B22239402ACD3C17004EF7DD /* Products */;
			projectDirPath = "";
			projectRoot = "";
			targets = (
				B222393E2ACD3C17004EF7DD /* Meal Tracker */,
			);
		};
/* End PBXProject section */

/* Begin PBXSourcesBuildPhase section */
		B222393B2ACD3C17004EF7DD /* Sources */ = {
			isa = PBXSourcesBuildPhase;
			buildActionMask = 2147483647;
			files = (
				B2A584CA2D93C182003549DD /* Macros.cpp in Sources */,
				B22239432ACD3C17004EF7DD /* main.cpp in Sources */,
				B222394B2ACD3C3B004EF7DD /* Food.cpp in Sources */,
			);
			runOnlyForDeploymentPostprocessing = 0;
		};
/* End PBXSourcesBuildPhase section */

/* Begin XCBuildConfiguration section */
		B22239442ACD3C17004EF7DD /* Debug */ = {
			isa = XCBuildConfiguration;
			buildSettings = {
				ALWAYS_SEARCH_USER_PATHS = NO;
				CLANG_ANALYZER_NONNULL = YES;
				CLANG_ANALYZER_NUMBER_OBJECT_CONVERSION = YES_AGGRESSIVE;
				CLANG_CXX_LANGUAGE_STANDARD = "gnu++20";
				CLANG_ENABLE_MODULES = YES;
				CLANG_ENABLE_OBJC_ARC = YES;
				CLANG_ENABLE_OBJC_WEAK = YES;
				CLANG_WARN_BLOCK_CAPTURE_AUTORELEASING = YES;
				CLANG_WARN_BOOL_CONVERSION = YES;
				CLANG_WARN_COMMA = YES;
				CLANG_WARN_CONSTANT_CONVERSION = YES;
				CLANG_WARN_DEPRECATED_OBJC_IMPLEMENTATIONS = YES;
				CLANG_WARN_DIRECT_OBJC_ISA_USAGE = YES_ERROR;
				CLANG_WARN_DOCUMENTATION_COMMENTS = YES;
				CLANG_WARN_EMPTY_BODY = YES;
				CLANG_WARN_ENUM_CONVERSION = YES;
				CLANG_WARN_INFINITE_RECURSION = YES;
				CLANG_WARN_INT_CONVERSION = YES;
				CLANG_WARN_NON_LITERAL_NULL_CONVERSION = YES;
				CLANG_WARN_OBJC_IMPLICIT_RETAIN_SELF = YES;
				CLANG_WARN_OBJC_LITERAL_CONVERSION = YES;
				CLANG_WARN_OBJC_ROOT_CLASS = YES_ERROR;
				CLANG_WARN_QUOTED_INCLUDE_IN_FRAMEWORK_HEADER = YES;
				CLANG_WARN_RANGE_LOOP_ANALYSIS = YES;
				CLANG_WARN_STRICT_PROTOTYPES = YES;
				CLANG_WARN_SUSPICIOUS_MOVE = YES;
				CLANG_WARN_UNGUARDED_AVAILABILITY = YES_AGGRESSIVE;
				CLANG_WARN_UNREACHABLE_CODE = YES;
				CLANG_WARN__DUPLICATE_METHOD_MATCH = YES;
				COPY_PHASE_STRIP = NO;
				DEBUG_INFORMATION_FORMAT = dwarf;
				ENABLE_STRICT_OBJC_MSGSEND = YES;
				ENABLE_TESTABILITY = YES;
				GCC_C_LANGUAGE_STANDARD = gnu11;
				GCC_DYNAMIC_NO_PIC = NO;
				GCC_NO_COMMON_BLOCKS = YES;
				GCC_OPTIMIZATION_LEVEL = 0;
				GCC_PREPROCESSOR_DEFINITIONS = (
					"DEBUG=1",
					"$(inherited)",
				);
				GCC_WARN_64_TO_32_BIT_CONVERSION = YES;
				GCC_WARN_ABOUT_RETURN_TYPE = YES_ERROR;
				GCC_WARN_UNDECLARED_SELECTOR = YES;
				GCC_WARN_UNINITIALIZED_AUTOS = YES_AGGRESSIVE;
				GCC_WARN_UNUSED_FUNCTION = YES;
				GCC_WARN_UNUSED_VARIABLE = YES;
				MACOSX_DEPLOYMENT_TARGET = 13.0;
				MTL_ENABLE_DEBUG_INFO = INCLUDE_SOURCE;
				MTL_FAST_MATH = YES;
				ONLY_ACTIVE_ARCH = YES;
				SDKROOT = macosx;
			};
			name = Debug;
		};
		B22239452ACD3C17004EF7DD /* Release */ = {
			isa = XCBuildConfiguration;
			buildSettings = {
				ALWAYS_SEARCH_USER_PATHS = NO;
				CLANG_ANALYZER_NONNULL = YES;
				CLANG_ANALYZER_NUMBER_OBJECT_CONVERSION = YES_AGGRESSIVE;
				CLANG_CXX_LANGUAGE_STANDARD = "gnu++20";
				CLANG_ENABLE_MODULES = YES;
				CLANG_ENABLE_OBJC_ARC = YES;
				CLANG_ENABLE_OBJC_WEAK = YES;
				CLANG_WARN_BLOCK_CAPTURE_AUTORELEASING = YES;
				CLANG_WARN_BOOL_CONVERSION = YES;
				CLANG_WARN_COMMA = YES;
				CLANG_WARN_CONSTANT_CONVERSION = YES;
				CLANG_WARN_DEPRECATED_OBJC_IMPLEMENTATIONS = YES;
				CLANG_WARN_DIRECT_OBJC_ISA_USAGE = YES_ERROR;
				CLANG_WARN_DOCUMENTATION_COMMENTS = YES;
				CLANG_WARN_EMPTY_BODY = YES;
				CLANG_WARN_ENUM_CONVERSION = YES;
				CLANG_WARN_INFINITE_RECURSION = YES;
				CLANG_WARN_INT_CONVERSION = YES;
				CLANG_WARN_NON_LITERAL_NULL_CONVERSION = YES;
				CLANG_WARN_OBJC_IMPLICIT_RETAIN_SELF = YES;
				CLANG_WARN_OBJC_LITERAL_CONVERSION = YES;
				CLANG_WARN_OBJC_ROOT_CLASS = YES_ERROR;
				CLANG_WARN_QUOTED_INCLUDE_IN_FRAMEWORK_HEADER = YES;
				CLANG_WARN_RANGE_LOOP_ANALYSIS = YES;
				CLANG_WARN_STRICT_PROTOTYPES = YES;
				CLANG_WARN_SUSPICIOUS_MOVE = YES;
				CLANG_WARN_UNGUARDED_AVAILABILITY = YES_AGGRESSIVE;
				CLANG_WARN_UNREACHABLE_CODE = YES;
				CLANG_WARN__DUPLICATE_METHOD_MATCH = YES;
				COPY_PHASE_STRIP = NO;
				DEBUG_INFORMATION_FORMAT = "dwarf-with-dsym";
				ENABLE_NS_ASSERTIONS = NO;
				ENABLE_STRICT_OBJC_MSGSEND = YES;
				GCC_C_LANGUAGE_STANDARD = gnu11;
				GCC_NO_COMMON_BLOCKS = YES;
				GCC_WARN_64_TO_32_BIT_CONVERSION = YES;
				GCC_WARN_ABOUT_RETURN_TYPE = YES_ERROR;
				GCC_WARN_UNDECLARED_SELECTOR = YES;
				GCC_WARN_UNINITIALIZED_AUTOS = YES_AGGRESSIVE;
				GCC_WARN_UNUSED_FUNCTION = YES;
				GCC_WARN_UNUSED_VARIABLE = YES;
				MACOSX_DEPLOYMENT_TARGET = 13.0;
				MTL_ENABLE_DEBUG_INFO = NO;
				MTL_FAST_MATH = YES;
				SDKROOT = macosx;
			};
			name = Release;
		};
		B22239472ACD3C17004EF7DD /* Debug */ = {
			isa = XCBuildConfiguration;
			buildSettings = {
				CLANG_CXX_LANGUAGE_STANDARD = "compiler-default";
				CODE_SIGN_STYLE = Automatic;
				PRODUCT_NAME = "$(TARGET_NAME)";
			};
			name = Debug;
		};
		B22239482ACD3C17004EF7DD /* Release */ = {
			isa = XCBuildConfiguration;
			buildSettings = {
				CLANG_CXX_LANGUAGE_STANDARD = "compiler-default";
				CODE_SIGN_STYLE = Automatic;
				PRODUCT_NAME = "$(TARGET_NAME)";
			};
			name = Release;
		};
/* End XCBuildConfiguration section */

/* Begin XCConfigurationList section */
		B222393A2ACD3C17004EF7DD /* Build configuration list for PBXProject "MealTracker" */ = {
			isa = XCConfigurationList;
			buildConfigurations = (
				B22239442ACD3C17004EF7DD /* Debug */,
				B22239452ACD3C17004EF7DD /* Release */,
			);
			defaultConfigurationIsVisible = 0;
			defaultConfigurationName = Release;
		};
		B22239462ACD3C17004EF7DD /* Build configuration list for PBXNativeTarget "Meal Tracker" */ = {
			isa = XCConfigurationList;
			buildConfigurations = (
				B22239472ACD3C17004EF7DD /* Debug */,
				B22239482ACD3C17004EF7DD /* Release */,
			);
			defaultConfigurationIsVisible = 0;
			defaultConfigurationName = Release;
		};
/* End XCConfigurationList section */
	};
	rootObject = B22239372ACD3C17004EF7DD /* Project object */;
}
